
Microsoft Visual Studio Solution File, Format Version 12.00
# Visual Studio Version 16
VisualStudioVersion = 16.0.31112.23
MinimumVisualStudioVersion = 10.0.40219.1
Project("{FAE04EC0-301F-11D3-BF4B-00C04F79EFBC}") = "ZadArrays", "ZadArrays\ZadArrays.csproj", "{6413527B-1AE5-499D-B632-D77BC7F3EF06}"
EndProject
Project("{FAE04EC0-301F-11D3-BF4B-00C04F79EFBC}") = "01_Obrabotka", "01_Obrabotka\01_Obrabotka.csproj", "{03421044-062D-40A2-8FF4-EFA1E1CBA1A2}"
EndProject
Global
	GlobalSection(SolutionConfigurationPlatforms) = preSolution
		Debug|Any CPU = Debug|Any CPU
		Release|Any CPU = Release|Any CPU
	EndGlobalSection
	GlobalSection(ProjectConfigurationPlatforms) = postSolution
		{6413527B-1AE5-499D-B632-D77BC7F3EF06}.Debug|Any CPU.ActiveCfg = Debug|Any CPU
		{6413527B-1AE5-499D-B632-D77BC7F3EF06}.Debug|Any CPU.Build.0 = Debug|Any CPU
		{6413527B-1AE5-499D-B632-D77BC7F3EF06}.Release|Any CPU.ActiveCfg = Release|Any CPU
		{6413527B-1AE5-499D-B632-D77BC7F3EF06}.Release|Any CPU.Build.0 = Release|Any CPU
		{03421044-062D-40A2-8FF4-EFA1E1CBA1A2}.Debug|Any CPU.ActiveCfg = Debug|Any CPU
		{03421044-062D-40A2-8FF4-EFA1E1CBA1A2}.Debug|Any CPU.Build.0 = Debug|Any CPU
		{03421044-062D-40A2-8FF4-EFA1E1CBA1A2}.Release|Any CPU.ActiveCfg = Release|Any CPU
		{03421044-062D-40A2-8FF4-EFA1E1CBA1A2}.Release|Any CPU.Build.0 = Release|Any CPU
	EndGlobalSection
	GlobalSection(SolutionProperties) = preSolution
		HideSolutionNode = FALSE
	EndGlobalSection
	GlobalSection(ExtensibilityGlobals) = postSolution
		SolutionGuid = {E82F8224-AEE1-4119-BC5F-0A6B1A14E816}
	EndGlobalSection
EndGlobal
